
Microsoft Visual Studio Solution File, Format Version 12.00
# Visual Studio Version 17
VisualStudioVersion = 17.10.35013.160
MinimumVisualStudioVersion = 10.0.40219.1
Project("{FAE04EC0-301F-11D3-BF4B-00C04F79EFBC}") = "MovieTruck.Server", "MovieTruck.Server\MovieTruck.Server.csproj", "{97977DD5-B5B1-4CCA-95D3-CE8E15B4F1C6}"
EndProject
Project("{54A90642-561A-4BB1-A94E-469ADEE60C69}") = "movietruck.client", "movietruck.client\movietruck.client.esproj", "{0D0BB0FB-EAE4-40CC-8FC8-71FAA08BED5C}"
EndProject
Global
	GlobalSection(SolutionConfigurationPlatforms) = preSolution
		Debug|Any CPU = Debug|Any CPU
		Release|Any CPU = Release|Any CPU
	EndGlobalSection
	GlobalSection(ProjectConfigurationPlatforms) = postSolution
		{97977DD5-B5B1-4CCA-95D3-CE8E15B4F1C6}.Debug|Any CPU.ActiveCfg = Debug|Any CPU
		{97977DD5-B5B1-4CCA-95D3-CE8E15B4F1C6}.Debug|Any CPU.Build.0 = Debug|Any CPU
		{97977DD5-B5B1-4CCA-95D3-CE8E15B4F1C6}.Release|Any CPU.ActiveCfg = Release|Any CPU
		{97977DD5-B5B1-4CCA-95D3-CE8E15B4F1C6}.Release|Any CPU.Build.0 = Release|Any CPU
		{0D0BB0FB-EAE4-40CC-8FC8-71FAA08BED5C}.Debug|Any CPU.ActiveCfg = Debug|Any CPU
		{0D0BB0FB-EAE4-40CC-8FC8-71FAA08BED5C}.Debug|Any CPU.Build.0 = Debug|Any CPU
		{0D0BB0FB-EAE4-40CC-8FC8-71FAA08BED5C}.Debug|Any CPU.Deploy.0 = Debug|Any CPU
		{0D0BB0FB-EAE4-40CC-8FC8-71FAA08BED5C}.Release|Any CPU.ActiveCfg = Release|Any CPU
		{0D0BB0FB-EAE4-40CC-8FC8-71FAA08BED5C}.Release|Any CPU.Build.0 = Release|Any CPU
		{0D0BB0FB-EAE4-40CC-8FC8-71FAA08BED5C}.Release|Any CPU.Deploy.0 = Release|Any CPU
	EndGlobalSection
	GlobalSection(SolutionProperties) = preSolution
		HideSolutionNode = FALSE
	EndGlobalSection
	GlobalSection(ExtensibilityGlobals) = postSolution
		SolutionGuid = {B91C92D4-84E3-4AAF-98B0-3DE7AC4F10B0}
	EndGlobalSection
EndGlobal
